
Microsoft Visual Studio Solution File, Format Version 12.00
# Visual Studio 15
VisualStudioVersion = 15.0.26127.0
MinimumVisualStudioVersion = 10.0.40219.1
Project("{FAE04EC0-301F-11D3-BF4B-00C04F79EFBC}") = "GoogleApi", "GoogleApi\GoogleApi.csproj", "{BF3AA421-D754-4762-AD20-A99123455E99}"
EndProject
Project("{FAE04EC0-301F-11D3-BF4B-00C04F79EFBC}") = "GoogleApi.Test", "GoogleApi.Test\GoogleApi.Test.csproj", "{E4CE6985-8A7F-4C37-9BA5-24061D89E16C}"
EndProject
Project("{FAE04EC0-301F-11D3-BF4B-00C04F79EFBC}") = "GoogleApi.net45", "GoogleApi.net45\GoogleApi.net45.csproj", "{6588C2CD-D597-4A70-B84B-6E1709D224AC}"
EndProject
Project("{2150E333-8FDC-42A3-9474-1A3956D46DE8}") = "Solution Items", "Solution Items", "{DAFE10B3-8A42-419B-9146-47BB9E9436E9}"
	ProjectSection(SolutionItems) = preProject
		README.md = README.md
	EndProjectSection
EndProject
Global
	GlobalSection(SolutionConfigurationPlatforms) = preSolution
		Debug|Any CPU = Debug|Any CPU
		Debug|x64 = Debug|x64
		Debug|x86 = Debug|x86
	EndGlobalSection
	GlobalSection(ProjectConfigurationPlatforms) = postSolution
		{BF3AA421-D754-4762-AD20-A99123455E99}.Debug|Any CPU.ActiveCfg = Debug|Any CPU
		{BF3AA421-D754-4762-AD20-A99123455E99}.Debug|Any CPU.Build.0 = Debug|Any CPU
		{BF3AA421-D754-4762-AD20-A99123455E99}.Debug|Any CPU.Deploy.0 = Debug|Any CPU
		{BF3AA421-D754-4762-AD20-A99123455E99}.Debug|x64.ActiveCfg = Debug|x64
		{BF3AA421-D754-4762-AD20-A99123455E99}.Debug|x64.Build.0 = Debug|x64
		{BF3AA421-D754-4762-AD20-A99123455E99}.Debug|x86.ActiveCfg = Debug|x86
		{BF3AA421-D754-4762-AD20-A99123455E99}.Debug|x86.Build.0 = Debug|x86
		{E4CE6985-8A7F-4C37-9BA5-24061D89E16C}.Debug|Any CPU.ActiveCfg = Debug|Any CPU
		{E4CE6985-8A7F-4C37-9BA5-24061D89E16C}.Debug|Any CPU.Build.0 = Debug|Any CPU
		{E4CE6985-8A7F-4C37-9BA5-24061D89E16C}.Debug|x64.ActiveCfg = Debug|x64
		{E4CE6985-8A7F-4C37-9BA5-24061D89E16C}.Debug|x64.Build.0 = Debug|x64
		{E4CE6985-8A7F-4C37-9BA5-24061D89E16C}.Debug|x86.ActiveCfg = Debug|x86
		{E4CE6985-8A7F-4C37-9BA5-24061D89E16C}.Debug|x86.Build.0 = Debug|x86
		{6588C2CD-D597-4A70-B84B-6E1709D224AC}.Debug|Any CPU.ActiveCfg = Debug|Any CPU
		{6588C2CD-D597-4A70-B84B-6E1709D224AC}.Debug|Any CPU.Build.0 = Debug|Any CPU
		{6588C2CD-D597-4A70-B84B-6E1709D224AC}.Debug|x64.ActiveCfg = Debug|x64
		{6588C2CD-D597-4A70-B84B-6E1709D224AC}.Debug|x64.Build.0 = Debug|x64
		{6588C2CD-D597-4A70-B84B-6E1709D224AC}.Debug|x86.ActiveCfg = Debug|x86
		{6588C2CD-D597-4A70-B84B-6E1709D224AC}.Debug|x86.Build.0 = Debug|x86
	EndGlobalSection
	GlobalSection(SolutionProperties) = preSolution
		HideSolutionNode = FALSE
	EndGlobalSection
EndGlobal
